
Microsoft Visual Studio Solution File, Format Version 12.00
# Visual Studio Version 16
VisualStudioVersion = 16.0.31911.196
MinimumVisualStudioVersion = 10.0.40219.1
Project("{FAE04EC0-301F-11D3-BF4B-00C04F79EFBC}") = "Entities", "Entities\Entities.csproj", "{B994511F-7504-4A92-86EA-06C8929167EE}"
EndProject
Project("{FAE04EC0-301F-11D3-BF4B-00C04F79EFBC}") = "DataAccess", "DataAccess\DataAccess.csproj", "{D1DBC78D-34CE-4CEB-99C2-429CA30F3152}"
EndProject
Project("{FAE04EC0-301F-11D3-BF4B-00C04F79EFBC}") = "Business", "Business\Business.csproj", "{A35A0EF8-5C45-484B-A817-CAFEA763CBB8}"
EndProject
Project("{FAE04EC0-301F-11D3-BF4B-00C04F79EFBC}") = "Core", "Core\Core.csproj", "{E2F07AB9-F458-4217-B993-98E887C01F58}"
EndProject
Project("{FAE04EC0-301F-11D3-BF4B-00C04F79EFBC}") = "WebAPI", "WebAPI\WebAPI.csproj", "{9041A304-2970-4F51-8CA4-6DF744B26553}"
EndProject
Global
	GlobalSection(SolutionConfigurationPlatforms) = preSolution
		Debug|Any CPU = Debug|Any CPU
		Release|Any CPU = Release|Any CPU
	EndGlobalSection
	GlobalSection(ProjectConfigurationPlatforms) = postSolution
		{B994511F-7504-4A92-86EA-06C8929167EE}.Debug|Any CPU.ActiveCfg = Debug|Any CPU
		{B994511F-7504-4A92-86EA-06C8929167EE}.Debug|Any CPU.Build.0 = Debug|Any CPU
		{B994511F-7504-4A92-86EA-06C8929167EE}.Release|Any CPU.ActiveCfg = Release|Any CPU
		{B994511F-7504-4A92-86EA-06C8929167EE}.Release|Any CPU.Build.0 = Release|Any CPU
		{D1DBC78D-34CE-4CEB-99C2-429CA30F3152}.Debug|Any CPU.ActiveCfg = Debug|Any CPU
		{D1DBC78D-34CE-4CEB-99C2-429CA30F3152}.Debug|Any CPU.Build.0 = Debug|Any CPU
		{D1DBC78D-34CE-4CEB-99C2-429CA30F3152}.Release|Any CPU.ActiveCfg = Release|Any CPU
		{D1DBC78D-34CE-4CEB-99C2-429CA30F3152}.Release|Any CPU.Build.0 = Release|Any CPU
		{A35A0EF8-5C45-484B-A817-CAFEA763CBB8}.Debug|Any CPU.ActiveCfg = Debug|Any CPU
		{A35A0EF8-5C45-484B-A817-CAFEA763CBB8}.Debug|Any CPU.Build.0 = Debug|Any CPU
		{A35A0EF8-5C45-484B-A817-CAFEA763CBB8}.Release|Any CPU.ActiveCfg = Release|Any CPU
		{A35A0EF8-5C45-484B-A817-CAFEA763CBB8}.Release|Any CPU.Build.0 = Release|Any CPU
		{E2F07AB9-F458-4217-B993-98E887C01F58}.Debug|Any CPU.ActiveCfg = Debug|Any CPU
		{E2F07AB9-F458-4217-B993-98E887C01F58}.Debug|Any CPU.Build.0 = Debug|Any CPU
		{E2F07AB9-F458-4217-B993-98E887C01F58}.Release|Any CPU.ActiveCfg = Release|Any CPU
		{E2F07AB9-F458-4217-B993-98E887C01F58}.Release|Any CPU.Build.0 = Release|Any CPU
		{9041A304-2970-4F51-8CA4-6DF744B26553}.Debug|Any CPU.ActiveCfg = Debug|Any CPU
		{9041A304-2970-4F51-8CA4-6DF744B26553}.Debug|Any CPU.Build.0 = Debug|Any CPU
		{9041A304-2970-4F51-8CA4-6DF744B26553}.Release|Any CPU.ActiveCfg = Release|Any CPU
		{9041A304-2970-4F51-8CA4-6DF744B26553}.Release|Any CPU.Build.0 = Release|Any CPU
	EndGlobalSection
	GlobalSection(SolutionProperties) = preSolution
		HideSolutionNode = FALSE
	EndGlobalSection
	GlobalSection(ExtensibilityGlobals) = postSolution
		SolutionGuid = {AD163018-F321-47CB-A717-61E3C446F9EC}
	EndGlobalSection
EndGlobal
